
Microsoft Visual Studio Solution File, Format Version 12.00
# Visual Studio Version 16
VisualStudioVersion = 16.0.30907.101
MinimumVisualStudioVersion = 10.0.40219.1
Project("{FAE04EC0-301F-11D3-BF4B-00C04F79EFBC}") = "UI", "UI\UI.csproj", "{CFCB0A89-2B05-418F-A0EA-7FDA4DC770C6}"
EndProject
Project("{FAE04EC0-301F-11D3-BF4B-00C04F79EFBC}") = "MODEL", "MODEL\MODEL.csproj", "{577B7926-7BEB-4531-B540-36E232E6D232}"
EndProject
Project("{FAE04EC0-301F-11D3-BF4B-00C04F79EFBC}") = "DAL", "DAL\DAL.csproj", "{9911497B-5A2B-4A59-A407-0A30814247D6}"
EndProject
Project("{FAE04EC0-301F-11D3-BF4B-00C04F79EFBC}") = "BLL", "BLL\BLL.csproj", "{267B81D3-E59A-492E-9347-5399530DA9EA}"
EndProject
Global
	GlobalSection(SolutionConfigurationPlatforms) = preSolution
		Debug|Any CPU = Debug|Any CPU
		Release|Any CPU = Release|Any CPU
	EndGlobalSection
	GlobalSection(ProjectConfigurationPlatforms) = postSolution
		{CFCB0A89-2B05-418F-A0EA-7FDA4DC770C6}.Debug|Any CPU.ActiveCfg = Debug|Any CPU
		{CFCB0A89-2B05-418F-A0EA-7FDA4DC770C6}.Debug|Any CPU.Build.0 = Debug|Any CPU
		{CFCB0A89-2B05-418F-A0EA-7FDA4DC770C6}.Release|Any CPU.ActiveCfg = Release|Any CPU
		{CFCB0A89-2B05-418F-A0EA-7FDA4DC770C6}.Release|Any CPU.Build.0 = Release|Any CPU
		{577B7926-7BEB-4531-B540-36E232E6D232}.Debug|Any CPU.ActiveCfg = Debug|Any CPU
		{577B7926-7BEB-4531-B540-36E232E6D232}.Debug|Any CPU.Build.0 = Debug|Any CPU
		{577B7926-7BEB-4531-B540-36E232E6D232}.Release|Any CPU.ActiveCfg = Release|Any CPU
		{577B7926-7BEB-4531-B540-36E232E6D232}.Release|Any CPU.Build.0 = Release|Any CPU
		{9911497B-5A2B-4A59-A407-0A30814247D6}.Debug|Any CPU.ActiveCfg = Debug|Any CPU
		{9911497B-5A2B-4A59-A407-0A30814247D6}.Debug|Any CPU.Build.0 = Debug|Any CPU
		{9911497B-5A2B-4A59-A407-0A30814247D6}.Release|Any CPU.ActiveCfg = Release|Any CPU
		{9911497B-5A2B-4A59-A407-0A30814247D6}.Release|Any CPU.Build.0 = Release|Any CPU
		{267B81D3-E59A-492E-9347-5399530DA9EA}.Debug|Any CPU.ActiveCfg = Debug|Any CPU
		{267B81D3-E59A-492E-9347-5399530DA9EA}.Debug|Any CPU.Build.0 = Debug|Any CPU
		{267B81D3-E59A-492E-9347-5399530DA9EA}.Release|Any CPU.ActiveCfg = Release|Any CPU
		{267B81D3-E59A-492E-9347-5399530DA9EA}.Release|Any CPU.Build.0 = Release|Any CPU
	EndGlobalSection
	GlobalSection(SolutionProperties) = preSolution
		HideSolutionNode = FALSE
	EndGlobalSection
	GlobalSection(ExtensibilityGlobals) = postSolution
		SolutionGuid = {97DA14AB-A88C-4E99-BFB4-3E914844333D}
	EndGlobalSection
EndGlobal
